// !$*UTF8*$!
{
	archiveVersion = 1;
	classes = {
	};
	objectVersion = 46;
	objects = {

/* Begin PBXBuildFile section */
		4F574D43195C7E0300F5AAAC /* Foundation.framework in Frameworks */ = {isa = PBXBuildFile; fileRef = 4F574D42195C7E0300F5AAAC /* Foundation.framework */; };
		4F574D45195C7E0300F5AAAC /* CoreGraphics.framework in Frameworks */ = {isa = PBXBuildFile; fileRef = 4F574D44195C7E0300F5AAAC /* CoreGraphics.framework */; };
		4F574D47195C7E0300F5AAAC /* UIKit.framework in Frameworks */ = {isa = PBXBuildFile; fileRef = 4F574D46195C7E0300F5AAAC /* UIKit.framework */; };
		4F574D4D195C7E0300F5AAAC /* InfoPlist.strings in Resources */ = {isa = PBXBuildFile; fileRef = 4F574D4B195C7E0300F5AAAC /* InfoPlist.strings */; };
		4F574D4F195C7E0300F5AAAC /* main.m in Sources */ = {isa = PBXBuildFile; fileRef = 4F574D4E195C7E0300F5AAAC /* main.m */; };
		4F574D53195C7E0300F5AAAC /* AppDelegate.m in Sources */ = {isa = PBXBuildFile; fileRef = 4F574D52195C7E0300F5AAAC /* AppDelegate.m */; };
		4F574D55195C7E0300F5AAAC /* Images.xcassets in Resources */ = {isa = PBXBuildFile; fileRef = 4F574D54195C7E0300F5AAAC /* Images.xcassets */; };
		4F574D5C195C7E0300F5AAAC /* XCTest.framework in Frameworks */ = {isa = PBXBuildFile; fileRef = 4F574D5B195C7E0300F5AAAC /* XCTest.framework */; };
		4F574D5D195C7E0300F5AAAC /* Foundation.framework in Frameworks */ = {isa = PBXBuildFile; fileRef = 4F574D42195C7E0300F5AAAC /* Foundation.framework */; };
		4F574D5E195C7E0300F5AAAC /* UIKit.framework in Frameworks */ = {isa = PBXBuildFile; fileRef = 4F574D46195C7E0300F5AAAC /* UIKit.framework */; };
		4F574D66195C7E0300F5AAAC /* InfoPlist.strings in Resources */ = {isa = PBXBuildFile; fileRef = 4F574D64195C7E0300F5AAAC /* InfoPlist.strings */; };
		4F574D68195C7E0300F5AAAC /* AlarmAppTests.m in Sources */ = {isa = PBXBuildFile; fileRef = 4F574D67195C7E0300F5AAAC /* AlarmAppTests.m */; };
/* End PBXBuildFile section */

/* Begin PBXContainerItemProxy section */
		4F574D5F195C7E0300F5AAAC /* PBXContainerItemProxy */ = {
			isa = PBXContainerItemProxy;
			containerPortal = 4F574D37195C7E0300F5AAAC /* Project object */;
			proxyType = 1;
			remoteGlobalIDString = 4F574D3E195C7E0300F5AAAC;
			remoteInfo = AlarmApp;
		};
/* End PBXContainerItemProxy section */

/* Begin PBXFileReference section */
		4F574D3F195C7E0300F5AAAC /* AlarmApp.app */ = {isa = PBXFileReference; explicitFileType = wrapper.application; includeInIndex = 0; path = AlarmApp.app; sourceTree = BUILT_PRODUCTS_DIR; };
		4F574D42195C7E0300F5AAAC /* Foundation.framework */ = {isa = PBXFileReference; lastKnownFileType = wrapper.framework; name = Foundation.framework; path = System/Library/Frameworks/Foundation.framework; sourceTree = SDKROOT; };
		4F574D44195C7E0300F5AAAC /* CoreGraphics.framework */ = {isa = PBXFileReference; lastKnownFileType = wrapper.framework; name = CoreGraphics.framework; path = System/Library/Frameworks/CoreGraphics.framework; sourceTree = SDKROOT; };
		4F574D46195C7E0300F5AAAC /* UIKit.framework */ = {isa = PBXFileReference; lastKnownFileType = wrapper.framework; name = UIKit.framework; path = System/Library/Frameworks/UIKit.framework; sourceTree = SDKROOT; };
		4F574D4A195C7E0300F5AAAC /* AlarmApp-Info.plist */ = {isa = PBXFileReference; lastKnownFileType = text.plist.xml; path = "AlarmApp-Info.plist"; sourceTree = "<group>"; };
		4F574D4C195C7E0300F5AAAC /* en */ = {isa = PBXFileReference; lastKnownFileType = text.plist.strings; name = en; path = en.lproj/InfoPlist.strings; sourceTree = "<group>"; };
		4F574D4E195C7E0300F5AAAC /* main.m */ = {isa = PBXFileReference; lastKnownFileType = sourcecode.c.objc; path = main.m; sourceTree = "<group>"; };
		4F574D50195C7E0300F5AAAC /* AlarmApp-Prefix.pch */ = {isa = PBXFileReference; lastKnownFileType = sourcecode.c.h; path = "AlarmApp-Prefix.pch"; sourceTree = "<group>"; };
		4F574D51195C7E0300F5AAAC /* AppDelegate.h */ = {isa = PBXFileReference; lastKnownFileType = sourcecode.c.h; path = AppDelegate.h; sourceTree = "<group>"; };
		4F574D52195C7E0300F5AAAC /* AppDelegate.m */ = {isa = PBXFileReference; lastKnownFileType = sourcecode.c.objc; path = AppDelegate.m; sourceTree = "<group>"; };
		4F574D54195C7E0300F5AAAC /* Images.xcassets */ = {isa = PBXFileReference; lastKnownFileType = folder.assetcatalog; path = Images.xcassets; sourceTree = "<group>"; };
		4F574D5A195C7E0300F5AAAC /* AlarmAppTests.xctest */ = {isa = PBXFileReference; explicitFileType = wrapper.cfbundle; includeInIndex = 0; path = AlarmAppTests.xctest; sourceTree = BUILT_PRODUCTS_DIR; };
		4F574D5B195C7E0300F5AAAC /* XCTest.framework */ = {isa = PBXFileReference; lastKnownFileType = wrapper.framework; name = XCTest.framework; path = Library/Frameworks/XCTest.framework; sourceTree = DEVELOPER_DIR; };
		4F574D63195C7E0300F5AAAC /* AlarmAppTests-Info.plist */ = {isa = PBXFileReference; lastKnownFileType = text.plist.xml; path = "AlarmAppTests-Info.plist"; sourceTree = "<group>"; };
		4F574D65195C7E0300F5AAAC /* en */ = {isa = PBXFileReference; lastKnownFileType = text.plist.strings; name = en; path = en.lproj/InfoPlist.strings; sourceTree = "<group>"; };
		4F574D67195C7E0300F5AAAC /* AlarmAppTests.m */ = {isa = PBXFileReference; lastKnownFileType = sourcecode.c.objc; path = AlarmAppTests.m; sourceTree = "<group>"; };
/* End PBXFileReference section */

/* Begin PBXFrameworksBuildPhase section */
		4F574D3C195C7E0300F5AAAC /* Frameworks */ = {
			isa = PBXFrameworksBuildPhase;
			buildActionMask = 2147483647;
			files = (
				4F574D45195C7E0300F5AAAC /* CoreGraphics.framework in Frameworks */,
				4F574D47195C7E0300F5AAAC /* UIKit.framework in Frameworks */,
				4F574D43195C7E0300F5AAAC /* Foundation.framework in Frameworks */,
			);
			runOnlyForDeploymentPostprocessing = 0;
		};
		4F574D57195C7E0300F5AAAC /* Frameworks */ = {
			isa = PBXFrameworksBuildPhase;
			buildActionMask = 2147483647;
			files = (
				4F574D5C195C7E0300F5AAAC /* XCTest.framework in Frameworks */,
				4F574D5E195C7E0300F5AAAC /* UIKit.framework in Frameworks */,
				4F574D5D195C7E0300F5AAAC /* Foundation.framework in Frameworks */,
			);
			runOnlyForDeploymentPostprocessing = 0;
		};
/* End PBXFrameworksBuildPhase section */

/* Begin PBXGroup section */
		4F574D36195C7E0300F5AAAC = {
			isa = PBXGroup;
			children = (
				4F574D48195C7E0300F5AAAC /* AlarmApp */,
				4F574D61195C7E0300F5AAAC /* AlarmAppTests */,
				4F574D41195C7E0300F5AAAC /* Frameworks */,
				4F574D40195C7E0300F5AAAC /* Products */,
			);
			sourceTree = "<group>";
		};
		4F574D40195C7E0300F5AAAC /* Products */ = {
			isa = PBXGroup;
			children = (
				4F574D3F195C7E0300F5AAAC /* AlarmApp.app */,
				4F574D5A195C7E0300F5AAAC /* AlarmAppTests.xctest */,
			);
			name = Products;
			sourceTree = "<group>";
		};
		4F574D41195C7E0300F5AAAC /* Frameworks */ = {
			isa = PBXGroup;
			children = (
				4F574D42195C7E0300F5AAAC /* Foundation.framework */,
				4F574D44195C7E0300F5AAAC /* CoreGraphics.framework */,
				4F574D46195C7E0300F5AAAC /* UIKit.framework */,
				4F574D5B195C7E0300F5AAAC /* XCTest.framework */,
			);
			name = Frameworks;
			sourceTree = "<group>";
		};
		4F574D48195C7E0300F5AAAC /* AlarmApp */ = {
			isa = PBXGroup;
			children = (
				4F574D51195C7E0300F5AAAC /* AppDelegate.h */,
				4F574D52195C7E0300F5AAAC /* AppDelegate.m */,
				4F574D54195C7E0300F5AAAC /* Images.xcassets */,
				4F574D49195C7E0300F5AAAC /* Supporting Files */,
			);
			path = AlarmApp;
			sourceTree = "<group>";
		};
		4F574D49195C7E0300F5AAAC /* Supporting Files */ = {
			isa = PBXGroup;
			children = (
				4F574D4A195C7E0300F5AAAC /* AlarmApp-Info.plist */,
				4F574D4B195C7E0300F5AAAC /* InfoPlist.strings */,
				4F574D4E195C7E0300F5AAAC /* main.m */,
				4F574D50195C7E0300F5AAAC /* AlarmApp-Prefix.pch */,
			);
			name = "Supporting Files";
			sourceTree = "<group>";
		};
		4F574D61195C7E0300F5AAAC /* AlarmAppTests */ = {
			isa = PBXGroup;
			children = (
				4F574D67195C7E0300F5AAAC /* AlarmAppTests.m */,
				4F574D62195C7E0300F5AAAC /* Supporting Files */,
			);
			path = AlarmAppTests;
			sourceTree = "<group>";
		};
		4F574D62195C7E0300F5AAAC /* Supporting Files */ = {
			isa = PBXGroup;
			children = (
				4F574D63195C7E0300F5AAAC /* AlarmAppTests-Info.plist */,
				4F574D64195C7E0300F5AAAC /* InfoPlist.strings */,
			);
			name = "Supporting Files";
			sourceTree = "<group>";
		};
/* End PBXGroup section */

/* Begin PBXNativeTarget section */
		4F574D3E195C7E0300F5AAAC /* AlarmApp */ = {
			isa = PBXNativeTarget;
			buildConfigurationList = 4F574D6B195C7E0300F5AAAC /* Build configuration list for PBXNativeTarget "AlarmApp" */;
			buildPhases = (
				4F574D3B195C7E0300F5AAAC /* Sources */,
				4F574D3C195C7E0300F5AAAC /* Frameworks */,
				4F574D3D195C7E0300F5AAAC /* Resources */,
			);
			buildRules = (
			);
			dependencies = (
			);
			name = AlarmApp;
			productName = AlarmApp;
			productReference = 4F574D3F195C7E0300F5AAAC /* AlarmApp.app */;
			productType = "com.apple.product-type.application";
		};
		4F574D59195C7E0300F5AAAC /* AlarmAppTests */ = {
			isa = PBXNativeTarget;
			buildConfigurationList = 4F574D6E195C7E0300F5AAAC /* Build configuration list for PBXNativeTarget "AlarmAppTests" */;
			buildPhases = (
				4F574D56195C7E0300F5AAAC /* Sources */,
				4F574D57195C7E0300F5AAAC /* Frameworks */,
				4F574D58195C7E0300F5AAAC /* Resources */,
			);
			buildRules = (
			);
			dependencies = (
				4F574D60195C7E0300F5AAAC /* PBXTargetDependency */,
			);
			name = AlarmAppTests;
			productName = AlarmAppTests;
			productReference = 4F574D5A195C7E0300F5AAAC /* AlarmAppTests.xctest */;
			productType = "com.apple.product-type.bundle.unit-test";
		};
/* End PBXNativeTarget section */

/* Begin PBXProject section */
		4F574D37195C7E0300F5AAAC /* Project object */ = {
			isa = PBXProject;
			attributes = {
				LastUpgradeCheck = 0510;
				ORGANIZATIONNAME = "Kevin Kwon";
				TargetAttributes = {
					4F574D59195C7E0300F5AAAC = {
						TestTargetID = 4F574D3E195C7E0300F5AAAC;
					};
				};
			};
			buildConfigurationList = 4F574D3A195C7E0300F5AAAC /* Build configuration list for PBXProject "AlarmApp" */;
			compatibilityVersion = "Xcode 3.2";
			developmentRegion = English;
			hasScannedForEncodings = 0;
			knownRegions = (
				en,
			);
			mainGroup = 4F574D36195C7E0300F5AAAC;
			productRefGroup = 4F574D40195C7E0300F5AAAC /* Products */;
			projectDirPath = "";
			projectRoot = "";
			targets = (
				4F574D3E195C7E0300F5AAAC /* AlarmApp */,
				4F574D59195C7E0300F5AAAC /* AlarmAppTests */,
			);
		};
/* End PBXProject section */

/* Begin PBXResourcesBuildPhase section */
		4F574D3D195C7E0300F5AAAC /* Resources */ = {
			isa = PBXResourcesBuildPhase;
			buildActionMask = 2147483647;
			files = (
				4F574D4D195C7E0300F5AAAC /* InfoPlist.strings in Resources */,
				4F574D55195C7E0300F5AAAC /* Images.xcassets in Resources */,
			);
			runOnlyForDeploymentPostprocessing = 0;
		};
		4F574D58195C7E0300F5AAAC /* Resources */ = {
			isa = PBXResourcesBuildPhase;
			buildActionMask = 2147483647;
			files = (
				4F574D66195C7E0300F5AAAC /* InfoPlist.strings in Resources */,
			);
			runOnlyForDeploymentPostprocessing = 0;
		};
/* End PBXResourcesBuildPhase section */

/* Begin PBXSourcesBuildPhase section */
		4F574D3B195C7E0300F5AAAC /* Sources */ = {
			isa = PBXSourcesBuildPhase;
			buildActionMask = 2147483647;
			files = (
				4F574D53195C7E0300F5AAAC /* AppDelegate.m in Sources */,
				4F574D4F195C7E0300F5AAAC /* main.m in Sources */,
			);
			runOnlyForDeploymentPostprocessing = 0;
		};
		4F574D56195C7E0300F5AAAC /* Sources */ = {
			isa = PBXSourcesBuildPhase;
			buildActionMask = 2147483647;
			files = (
				4F574D68195C7E0300F5AAAC /* AlarmAppTests.m in Sources */,
			);
			runOnlyForDeploymentPostprocessing = 0;
		};
/* End PBXSourcesBuildPhase section */

/* Begin PBXTargetDependency section */
		4F574D60195C7E0300F5AAAC /* PBXTargetDependency */ = {
			isa = PBXTargetDependency;
			target = 4F574D3E195C7E0300F5AAAC /* AlarmApp */;
			targetProxy = 4F574D5F195C7E0300F5AAAC /* PBXContainerItemProxy */;
		};
/* End PBXTargetDependency section */

/* Begin PBXVariantGroup section */
		4F574D4B195C7E0300F5AAAC /* InfoPlist.strings */ = {
			isa = PBXVariantGroup;
			children = (
				4F574D4C195C7E0300F5AAAC /* en */,
			);
			name = InfoPlist.strings;
			sourceTree = "<group>";
		};
		4F574D64195C7E0300F5AAAC /* InfoPlist.strings */ = {
			isa = PBXVariantGroup;
			children = (
				4F574D65195C7E0300F5AAAC /* en */,
			);
			name = InfoPlist.strings;
			sourceTree = "<group>";
		};
/* End PBXVariantGroup section */

/* Begin XCBuildConfiguration section */
		4F574D69195C7E0300F5AAAC /* Debug */ = {
			isa = XCBuildConfiguration;
			buildSettings = {
				ALWAYS_SEARCH_USER_PATHS = NO;
				CLANG_CXX_LANGUAGE_STANDARD = "gnu++0x";
				CLANG_CXX_LIBRARY = "libc++";
				CLANG_ENABLE_MODULES = YES;
				CLANG_ENABLE_OBJC_ARC = YES;
				CLANG_WARN_BOOL_CONVERSION = YES;
				CLANG_WARN_CONSTANT_CONVERSION = YES;
				CLANG_WARN_DIRECT_OBJC_ISA_USAGE = YES_ERROR;
				CLANG_WARN_EMPTY_BODY = YES;
				CLANG_WARN_ENUM_CONVERSION = YES;
				CLANG_WARN_INT_CONVERSION = YES;
				CLANG_WARN_OBJC_ROOT_CLASS = YES_ERROR;
				CLANG_WARN__DUPLICATE_METHOD_MATCH = YES;
				"CODE_SIGN_IDENTITY[sdk=iphoneos*]" = "iPhone Developer";
				COPY_PHASE_STRIP = NO;
				GCC_C_LANGUAGE_STANDARD = gnu99;
				GCC_DYNAMIC_NO_PIC = NO;
				GCC_OPTIMIZATION_LEVEL = 0;
				GCC_PREPROCESSOR_DEFINITIONS = (
					"DEBUG=1",
					"$(inherited)",
				);
				GCC_SYMBOLS_PRIVATE_EXTERN = NO;
				GCC_WARN_64_TO_32_BIT_CONVERSION = YES;
				GCC_WARN_ABOUT_RETURN_TYPE = YES_ERROR;
				GCC_WARN_UNDECLARED_SELECTOR = YES;
				GCC_WARN_UNINITIALIZED_AUTOS = YES_AGGRESSIVE;
				GCC_WARN_UNUSED_FUNCTION = YES;
				GCC_WARN_UNUSED_VARIABLE = YES;
				IPHONEOS_DEPLOYMENT_TARGET = 7.1;
				ONLY_ACTIVE_ARCH = YES;
				SDKROOT = iphoneos;
			};
			name = Debug;
		};
		4F574D6A195C7E0300F5AAAC /* Release */ = {
			isa = XCBuildConfiguration;
			buildSettings = {
				ALWAYS_SEARCH_USER_PATHS = NO;
				CLANG_CXX_LANGUAGE_STANDARD = "gnu++0x";
				CLANG_CXX_LIBRARY = "libc++";
				CLANG_ENABLE_MODULES = YES;
				CLANG_ENABLE_OBJC_ARC = YES;
				CLANG_WARN_BOOL_CONVERSION = YES;
				CLANG_WARN_CONSTANT_CONVERSION = YES;
				CLANG_WARN_DIRECT_OBJC_ISA_USAGE = YES_ERROR;
				CLANG_WARN_EMPTY_BODY = YES;
				CLANG_WARN_ENUM_CONVERSION = YES;
				CLANG_WARN_INT_CONVERSION = YES;
				CLANG_WARN_OBJC_ROOT_CLASS = YES_ERROR;
				CLANG_WARN__DUPLICATE_METHOD_MATCH = YES;
				"CODE_SIGN_IDENTITY[sdk=iphoneos*]" = "iPhone Developer";
				COPY_PHASE_STRIP = YES;
				ENABLE_NS_ASSERTIONS = NO;
				GCC_C_LANGUAGE_STANDARD = gnu99;
				GCC_WARN_64_TO_32_BIT_CONVERSION = YES;
				GCC_WARN_ABOUT_RETURN_TYPE = YES_ERROR;
				GCC_WARN_UNDECLARED_SELECTOR = YES;
				GCC_WARN_UNINITIALIZED_AUTOS = YES_AGGRESSIVE;
				GCC_WARN_UNUSED_FUNCTION = YES;
				GCC_WARN_UNUSED_VARIABLE = YES;
				IPHONEOS_DEPLOYMENT_TARGET = 7.1;
				SDKROOT = iphoneos;
				VALIDATE_PRODUCT = YES;
			};
			name = Release;
		};
		4F574D6C195C7E0300F5AAAC /* Debug */ = {
			isa = XCBuildConfiguration;
			buildSettings = {
				ASSETCATALOG_COMPILER_APPICON_NAME = AppIcon;
				ASSETCATALOG_COMPILER_LAUNCHIMAGE_NAME = LaunchImage;
				GCC_PRECOMPILE_PREFIX_HEADER = YES;
				GCC_PREFIX_HEADER = "AlarmApp/AlarmApp-Prefix.pch";
				INFOPLIST_FILE = "AlarmApp/AlarmApp-Info.plist";
				PRODUCT_NAME = "$(TARGET_NAME)";
				WRAPPER_EXTENSION = app;
			};
			name = Debug;
		};
		4F574D6D195C7E0300F5AAAC /* Release */ = {
			isa = XCBuildConfiguration;
			buildSettings = {
				ASSETCATALOG_COMPILER_APPICON_NAME = AppIcon;
				ASSETCATALOG_COMPILER_LAUNCHIMAGE_NAME = LaunchImage;
				GCC_PRECOMPILE_PREFIX_HEADER = YES;
				GCC_PREFIX_HEADER = "AlarmApp/AlarmApp-Prefix.pch";
				INFOPLIST_FILE = "AlarmApp/AlarmApp-Info.plist";
				PRODUCT_NAME = "$(TARGET_NAME)";
				WRAPPER_EXTENSION = app;
			};
			name = Release;
		};
		4F574D6F195C7E0300F5AAAC /* Debug */ = {
			isa = XCBuildConfiguration;
			buildSettings = {
				BUNDLE_LOADER = "$(BUILT_PRODUCTS_DIR)/AlarmApp.app/AlarmApp";
				FRAMEWORK_SEARCH_PATHS = (
					"$(SDKROOT)/Developer/Library/Frameworks",
					"$(inherited)",
					"$(DEVELOPER_FRAMEWORKS_DIR)",
				);
				GCC_PRECOMPILE_PREFIX_HEADER = YES;
				GCC_PREFIX_HEADER = "AlarmApp/AlarmApp-Prefix.pch";
				GCC_PREPROCESSOR_DEFINITIONS = (
					"DEBUG=1",
					"$(inherited)",
				);
				INFOPLIST_FILE = "AlarmAppTests/AlarmAppTests-Info.plist";
				PRODUCT_NAME = "$(TARGET_NAME)";
				TEST_HOST = "$(BUNDLE_LOADER)";
				WRAPPER_EXTENSION = xctest;
			};
			name = Debug;
		};
		4F574D70195C7E0300F5AAAC /* Release */ = {
			isa = XCBuildConfiguration;
			buildSettings = {
				BUNDLE_LOADER = "$(BUILT_PRODUCTS_DIR)/AlarmApp.app/AlarmApp";
				FRAMEWORK_SEARCH_PATHS = (
					"$(SDKROOT)/Developer/Library/Frameworks",
					"$(inherited)",
					"$(DEVELOPER_FRAMEWORKS_DIR)",
				);
				GCC_PRECOMPILE_PREFIX_HEADER = YES;
				GCC_PREFIX_HEADER = "AlarmApp/AlarmApp-Prefix.pch";
				INFOPLIST_FILE = "AlarmAppTests/AlarmAppTests-Info.plist";
				PRODUCT_NAME = "$(TARGET_NAME)";
				TEST_HOST = "$(BUNDLE_LOADER)";
				WRAPPER_EXTENSION = xctest;
			};
			name = Release;
		};
/* End XCBuildConfiguration section */

/* Begin XCConfigurationList section */
		4F574D3A195C7E0300F5AAAC /* Build configuration list for PBXProject "AlarmApp" */ = {
			isa = XCConfigurationList;
			buildConfigurations = (
				4F574D69195C7E0300F5AAAC /* Debug */,
				4F574D6A195C7E0300F5AAAC /* Release */,
			);
			defaultConfigurationIsVisible = 0;
			defaultConfigurationName = Release;
		};
		4F574D6B195C7E0300F5AAAC /* Build configuration list for PBXNativeTarget "AlarmApp" */ = {
			isa = XCConfigurationList;
			buildConfigurations = (
				4F574D6C195C7E0300F5AAAC /* Debug */,
				4F574D6D195C7E0300F5AAAC /* Release */,
			);
			defaultConfigurationIsVisible = 0;
		};
		4F574D6E195C7E0300F5AAAC /* Build configuration list for PBXNativeTarget "AlarmAppTests" */ = {
			isa = XCConfigurationList;
			buildConfigurations = (
				4F574D6F195C7E0300F5AAAC /* Debug */,
				4F574D70195C7E0300F5AAAC /* Release */,
			);
			defaultConfigurationIsVisible = 0;
		};
/* End XCConfigurationList section */
	};
	rootObject = 4F574D37195C7E0300F5AAAC /* Project object */;
}
